
Microsoft Visual Studio Solution File, Format Version 12.00
# Visual Studio Version 16
VisualStudioVersion = 16.0.32126.315
MinimumVisualStudioVersion = 10.0.40219.1
Project("{FAE04EC0-301F-11D3-BF4B-00C04F79EFBC}") = "Astra", "Astra.csproj", "{7DCB0EDE-CF91-40C0-AB0A-65CA30E48A0E}"
EndProject
Global
	GlobalSection(SolutionConfigurationPlatforms) = preSolution
		Debug|Any CPU = Debug|Any CPU
		Release|Any CPU = Release|Any CPU
	EndGlobalSection
	GlobalSection(ProjectConfigurationPlatforms) = postSolution
		{7DCB0EDE-CF91-40C0-AB0A-65CA30E48A0E}.Debug|Any CPU.ActiveCfg = Debug|Any CPU
		{7DCB0EDE-CF91-40C0-AB0A-65CA30E48A0E}.Debug|Any CPU.Build.0 = Debug|Any CPU
		{7DCB0EDE-CF91-40C0-AB0A-65CA30E48A0E}.Release|Any CPU.ActiveCfg = Release|Any CPU
		{7DCB0EDE-CF91-40C0-AB0A-65CA30E48A0E}.Release|Any CPU.Build.0 = Release|Any CPU
	EndGlobalSection
	GlobalSection(SolutionProperties) = preSolution
		HideSolutionNode = FALSE
	EndGlobalSection
	GlobalSection(ExtensibilityGlobals) = postSolution
		SolutionGuid = {E5E3834A-72A6-4217-91FF-EE53644225BF}
	EndGlobalSection
EndGlobal
